<?xml version="1.0" encoding="utf-8"?>
<Project ToolsVersion="4.0" xmlns="http://schemas.microsoft.com/developer/msbuild/2003">
  <ItemGroup>
    <Filter Include="Source Files">
      <UniqueIdentifier>{4FC737F1-C7A5-4376-A066-2A32D752A2FF}</UniqueIdentifier>
      <Extensions>cpp;c;cc;cxx;def;odl;idl;hpj;bat;asm;asmx</Extensions>
    </Filter>
    <Filter Include="Header Files">
      <UniqueIdentifier>{93995380-89BD-4b04-88EB-625FBE52EBFB}</UniqueIdentifier>
      <Extensions>h;hpp;hxx;hm;inl;inc;xsd</Extensions>
    </Filter>
    <Filter Include="Shader">
      <UniqueIdentifier>{67DA6AB6-F800-4c08-8B7A-83BB121AAD01}</UniqueIdentifier>
      <Extensions>rc;ico;cur;bmp;dlg;rc2;rct;bin;rgs;gif;jpg;jpeg;jpe;resx;tiff;tif;png;wav;mfcribbon-ms</Extensions>
    </Filter>
    <Filter Include="PlayerInfo">
      <UniqueIdentifier>{ee63a848-364d-4119-9628-05cc3d6a4b17}</UniqueIdentifier>
    </Filter>
    <Filter Include="Projectile">
      <UniqueIdentifier>{e55b5c68-9d98-4cde-ba44-f0d28d0cf437}</UniqueIdentifier>
    </Filter>
    <Filter Include="SkyBox">
      <UniqueIdentifier>{37a125cd-b9e3-4b31-923e-1226145f54a1}</UniqueIdentifier>
    </Filter>
    <Filter Include="WeaponInfo">
      <UniqueIdentifier>{7dbec654-2f78-40a8-a3ff-38691d57358e}</UniqueIdentifier>
    </Filter>
    <Filter Include="SceneGraph">
      <UniqueIdentifier>{56624ab8-6172-4e09-a615-753f97c09bdc}</UniqueIdentifier>
    </Filter>
    <Filter Include="SpatialPartition_Grid">
      <UniqueIdentifier>{19d1fc06-2834-4956-8f16-e61588a067b7}</UniqueIdentifier>
    </Filter>
    <Filter Include="LevelOfDetail">
      <UniqueIdentifier>{a6eeb12e-3f81-4bdc-96b2-91fe02641e08}</UniqueIdentifier>
    </Filter>
    <Filter Include="Enemy">
      <UniqueIdentifier>{6292d54e-f844-41d9-b227-192f06bdd1d8}</UniqueIdentifier>
    </Filter>
    <Filter Include="CameraEffect">
      <UniqueIdentifier>{e259ba02-f0f9-494e-8174-491df434454c}</UniqueIdentifier>
    </Filter>
    <Filter Include="Waypoint">
      <UniqueIdentifier>{f4e30007-0b88-40be-b9a2-e9725a2c84d7}</UniqueIdentifier>
    </Filter>
    <Filter Include="GameStateManagement">
      <UniqueIdentifier>{c3057ba1-c690-4d2a-b9d5-6f5d1ed153a1}</UniqueIdentifier>
    </Filter>
  </ItemGroup>
  <ItemGroup>
    <ClCompile Include="Source\Application.cpp">
      <Filter>Source Files</Filter>
    </ClCompile>
    <ClCompile Include="Source\main.cpp">
      <Filter>Source Files</Filter>
    </ClCompile>
    <ClCompile Include="Source\SceneText.cpp">
      <Filter>Source Files</Filter>
    </ClCompile>
    <ClCompile Include="Source\FPSCamera.cpp">
      <Filter>Source Files</Filter>
    </ClCompile>
    <ClCompile Include="Source\OBJMesh.cpp">
      <Filter>Source Files</Filter>
    </ClCompile>
    <ClCompile Include="Source\GroundEntity.cpp">
      <Filter>Source Files</Filter>
    </ClCompile>
    <ClCompile Include="Source\TextEntity.cpp">
      <Filter>Source Files</Filter>
    </ClCompile>
    <ClCompile Include="Source\SpriteEntity.cpp">
      <Filter>Source Files</Filter>
    </ClCompile>
    <ClCompile Include="Source\Light.cpp">
      <Filter>Source Files</Filter>
    </ClCompile>
    <ClCompile Include="Source\PlayerInfo\PlayerInfo.cpp">
      <Filter>PlayerInfo</Filter>
    </ClCompile>
    <ClCompile Include="Source\Projectile\Projectile.cpp">
      <Filter>Projectile</Filter>
    </ClCompile>
    <ClCompile Include="Source\SkyBox\SkyBoxEntity.cpp">
      <Filter>SkyBox</Filter>
    </ClCompile>
    <ClCompile Include="Source\WeaponInfo\Pistol.cpp">
      <Filter>WeaponInfo</Filter>
    </ClCompile>
    <ClCompile Include="Source\WeaponInfo\WeaponInfo.cpp">
      <Filter>WeaponInfo</Filter>
    </ClCompile>
    <ClCompile Include="Source\EntityManager.cpp">
      <Filter>Source Files</Filter>
    </ClCompile>
    <ClCompile Include="Source\GenericEntity.cpp">
      <Filter>Source Files</Filter>
    </ClCompile>
    <ClCompile Include="Source\WeaponInfo\LaserBlaster.cpp">
      <Filter>WeaponInfo</Filter>
    </ClCompile>
    <ClCompile Include="Source\SceneNode.cpp">
      <Filter>SceneGraph</Filter>
    </ClCompile>
    <ClCompile Include="Source\SceneGraph.cpp">
      <Filter>SceneGraph</Filter>
    </ClCompile>
    <ClCompile Include="Source\Transform.cpp">
      <Filter>SceneGraph</Filter>
    </ClCompile>
    <ClCompile Include="Source\UpdateTransformation.cpp">
      <Filter>Source Files</Filter>
    </ClCompile>
    <ClCompile Include="Source\WeaponInfo\GranadeThrow.cpp">
      <Filter>WeaponInfo</Filter>
    </ClCompile>
    <ClCompile Include="Source\Projectile\Grenade.cpp">
      <Filter>Projectile</Filter>
    </ClCompile>
    <ClCompile Include="Source\SpatialPartition_Grid\Grid.cpp">
      <Filter>SpatialPartition_Grid</Filter>
    </ClCompile>
    <ClCompile Include="Source\SpatialPartition_Grid\SpatialPartition.cpp">
      <Filter>SpatialPartition_Grid</Filter>
    </ClCompile>
    <ClCompile Include="Source\LevelOfDetail\LevelOfDetails.cpp">
      <Filter>LevelOfDetail</Filter>
    </ClCompile>
    <ClCompile Include="Source\Enemy\Enemy.cpp">
      <Filter>Enemy</Filter>
    </ClCompile>
    <ClCompile Include="Source\Laser.cpp">
      <Filter>Projectile</Filter>
    </ClCompile>
    <ClCompile Include="Source\CameraEffect\CameraEffects.cpp">
      <Filter>CameraEffect</Filter>
    </ClCompile>
    <ClCompile Include="Source\Waypoint\Waypoint.cpp">
      <Filter>Waypoint</Filter>
    </ClCompile>
    <ClCompile Include="Source\Waypoint\WaypointManager.cpp">
      <Filter>Waypoint</Filter>
    </ClCompile>
    <ClCompile Include="Source\GameStateManagement\IntroState.cpp">
      <Filter>GameStateManagement</Filter>
    </ClCompile>
    <ClCompile Include="Source\GameStateManagement\MenuState.cpp">
      <Filter>GameStateManagement</Filter>
    </ClCompile>
  </ItemGroup>
  <ItemGroup>
    <ClInclude Include="Source\Application.h">
      <Filter>Header Files</Filter>
    </ClInclude>
    <ClInclude Include="Source\SceneText.h">
      <Filter>Header Files</Filter>
    </ClInclude>
    <ClInclude Include="Source\FPSCamera.h">
      <Filter>Header Files</Filter>
    </ClInclude>
    <ClInclude Include="Source\OBJMesh.h">
      <Filter>Header Files</Filter>
    </ClInclude>
    <ClInclude Include="Source\GroundEntity.h">
      <Filter>Header Files</Filter>
    </ClInclude>
    <ClInclude Include="Source\TextEntity.h">
      <Filter>Header Files</Filter>
    </ClInclude>
    <ClInclude Include="Source\SpriteEntity.h">
      <Filter>Header Files</Filter>
    </ClInclude>
    <ClInclude Include="Source\Light.h">
      <Filter>Header Files</Filter>
    </ClInclude>
    <ClInclude Include="Source\PlayerInfo\PlayerInfo.h">
      <Filter>PlayerInfo</Filter>
    </ClInclude>
    <ClInclude Include="Source\Projectile\Projectile.h">
      <Filter>Projectile</Filter>
    </ClInclude>
    <ClInclude Include="Source\SkyBox\SkyBoxEntity.h">
      <Filter>SkyBox</Filter>
    </ClInclude>
    <ClInclude Include="Source\WeaponInfo\Pistol.h">
      <Filter>WeaponInfo</Filter>
    </ClInclude>
    <ClInclude Include="Source\WeaponInfo\WeaponInfo.h">
      <Filter>WeaponInfo</Filter>
    </ClInclude>
    <ClInclude Include="Source\EntityManager.h">
      <Filter>Header Files</Filter>
    </ClInclude>
    <ClInclude Include="Source\GenericEntity.h">
      <Filter>Header Files</Filter>
    </ClInclude>
    <ClInclude Include="Source\WeaponInfo\LaserBlaster.h">
      <Filter>WeaponInfo</Filter>
    </ClInclude>
    <ClInclude Include="Source\SceneNode.h">
      <Filter>SceneGraph</Filter>
    </ClInclude>
    <ClInclude Include="Source\SceneGraph.h">
      <Filter>SceneGraph</Filter>
    </ClInclude>
    <ClInclude Include="Source\Transform.h">
      <Filter>SceneGraph</Filter>
    </ClInclude>
    <ClInclude Include="Source\UpdateTransformation.h">
      <Filter>Header Files</Filter>
    </ClInclude>
    <ClInclude Include="Source\WeaponInfo\GranadeThrow.h">
      <Filter>WeaponInfo</Filter>
    </ClInclude>
    <ClInclude Include="Source\Projectile\Grenade.h">
      <Filter>Projectile</Filter>
    </ClInclude>
    <ClInclude Include="Source\SpatialPartition_Grid\Grid.h">
      <Filter>SpatialPartition_Grid</Filter>
    </ClInclude>
    <ClInclude Include="Source\SpatialPartition_Grid\SpatialPartition.h">
      <Filter>SpatialPartition_Grid</Filter>
    </ClInclude>
    <ClInclude Include="Source\LevelOfDetail\LevelOfDetails.h">
      <Filter>LevelOfDetail</Filter>
    </ClInclude>
    <ClInclude Include="Source\Enemy\Enemy.h">
      <Filter>Enemy</Filter>
    </ClInclude>
    <ClInclude Include="Source\Laser.h">
      <Filter>Projectile</Filter>
    </ClInclude>
    <ClInclude Include="Source\CameraEffect\CameraEffects.h">
      <Filter>CameraEffect</Filter>
    </ClInclude>
    <ClInclude Include="Source\Waypoint\Waypoint.h">
      <Filter>Waypoint</Filter>
    </ClInclude>
    <ClInclude Include="Source\Waypoint\WaypointManager.h">
      <Filter>Waypoint</Filter>
    </ClInclude>
    <ClInclude Include="Source\GameStateManagement\IntroState.h">
      <Filter>GameStateManagement</Filter>
    </ClInclude>
    <ClInclude Include="Source\GameStateManagement\MenuState.h">
      <Filter>GameStateManagement</Filter>
    </ClInclude>
  </ItemGroup>
</Project>